
Microsoft Visual Studio Solution File, Format Version 12.00
# Visual Studio Version 17
VisualStudioVersion = 17.4.33213.308
MinimumVisualStudioVersion = 10.0.40219.1
Project("{FAE04EC0-301F-11D3-BF4B-00C04F79EFBC}") = "mapJ", "mapJ\mapJ.csproj", "{AE4CF667-4767-4E91-ABBA-0CB2243E1F30}"
EndProject
Global
	GlobalSection(SolutionConfigurationPlatforms) = preSolution
		Debug|Any CPU = Debug|Any CPU
		Release|Any CPU = Release|Any CPU
	EndGlobalSection
	GlobalSection(ProjectConfigurationPlatforms) = postSolution
		{AE4CF667-4767-4E91-ABBA-0CB2243E1F30}.Debug|Any CPU.ActiveCfg = Debug|Any CPU
		{AE4CF667-4767-4E91-ABBA-0CB2243E1F30}.Debug|Any CPU.Build.0 = Debug|Any CPU
		{AE4CF667-4767-4E91-ABBA-0CB2243E1F30}.Release|Any CPU.ActiveCfg = Release|Any CPU
		{AE4CF667-4767-4E91-ABBA-0CB2243E1F30}.Release|Any CPU.Build.0 = Release|Any CPU
	EndGlobalSection
	GlobalSection(SolutionProperties) = preSolution
		HideSolutionNode = FALSE
	EndGlobalSection
	GlobalSection(ExtensibilityGlobals) = postSolution
		SolutionGuid = {B0EAF08D-60F2-44B4-8CF2-3FFE36C963D4}
	EndGlobalSection
EndGlobal
